
Microsoft Visual Studio Solution File, Format Version 12.00
# Visual Studio Version 17
VisualStudioVersion = 17.8.34309.116
MinimumVisualStudioVersion = 10.0.40219.1
Project("{FAE04EC0-301F-11D3-BF4B-00C04F79EFBC}") = "SportsStore", "SportsStore.csproj", "{DFD9F99C-153E-47CE-BD57-BAAFF4DA6082}"
EndProject
Global
	GlobalSection(SolutionConfigurationPlatforms) = preSolution
		Debug|Any CPU = Debug|Any CPU
		Release|Any CPU = Release|Any CPU
	EndGlobalSection
	GlobalSection(ProjectConfigurationPlatforms) = postSolution
		{DFD9F99C-153E-47CE-BD57-BAAFF4DA6082}.Debug|Any CPU.ActiveCfg = Debug|Any CPU
		{DFD9F99C-153E-47CE-BD57-BAAFF4DA6082}.Debug|Any CPU.Build.0 = Debug|Any CPU
		{DFD9F99C-153E-47CE-BD57-BAAFF4DA6082}.Release|Any CPU.ActiveCfg = Release|Any CPU
		{DFD9F99C-153E-47CE-BD57-BAAFF4DA6082}.Release|Any CPU.Build.0 = Release|Any CPU
	EndGlobalSection
	GlobalSection(SolutionProperties) = preSolution
		HideSolutionNode = FALSE
	EndGlobalSection
	GlobalSection(ExtensibilityGlobals) = postSolution
		SolutionGuid = {BB330975-0D99-47D1-82C9-F29EB8789AFA}
	EndGlobalSection
EndGlobal
